
Microsoft Visual Studio Solution File, Format Version 12.00
# Visual Studio Version 16
VisualStudioVersion = 16.0.31424.327
MinimumVisualStudioVersion = 10.0.40219.1
Project("{FAE04EC0-301F-11D3-BF4B-00C04F79EFBC}") = "my-books", "my-books\my-books.csproj", "{AB2AEB7A-E833-4F5F-B10C-4BE8A22915B9}"
EndProject
Global
	GlobalSection(SolutionConfigurationPlatforms) = preSolution
		Debug|Any CPU = Debug|Any CPU
		Release|Any CPU = Release|Any CPU
	EndGlobalSection
	GlobalSection(ProjectConfigurationPlatforms) = postSolution
		{AB2AEB7A-E833-4F5F-B10C-4BE8A22915B9}.Debug|Any CPU.ActiveCfg = Debug|Any CPU
		{AB2AEB7A-E833-4F5F-B10C-4BE8A22915B9}.Debug|Any CPU.Build.0 = Debug|Any CPU
		{AB2AEB7A-E833-4F5F-B10C-4BE8A22915B9}.Release|Any CPU.ActiveCfg = Release|Any CPU
		{AB2AEB7A-E833-4F5F-B10C-4BE8A22915B9}.Release|Any CPU.Build.0 = Release|Any CPU
	EndGlobalSection
	GlobalSection(SolutionProperties) = preSolution
		HideSolutionNode = FALSE
	EndGlobalSection
	GlobalSection(ExtensibilityGlobals) = postSolution
		SolutionGuid = {9AB5F5AE-3EFA-4676-9DA0-D2AF8B9FCCB0}
	EndGlobalSection
EndGlobal
